// !$*UTF8*$!
{
	archiveVersion = 1;
	classes = {
	};
	objectVersion = 56;
	objects = {

/* Begin PBXBuildFile section */
		BE783BFD2AA86B9300647858 /* DiceRepository.swift in Sources */ = {isa = PBXBuildFile; fileRef = BE783BFC2AA86B9300647858 /* DiceRepository.swift */; };
		BE97ADFF2AA8646F00AB4291 /* RollTheDice2App.swift in Sources */ = {isa = PBXBuildFile; fileRef = BE97ADFE2AA8646F00AB4291 /* RollTheDice2App.swift */; };
		BE97AE012AA8646F00AB4291 /* ContentView.swift in Sources */ = {isa = PBXBuildFile; fileRef = BE97AE002AA8646F00AB4291 /* ContentView.swift */; };
		BE97AE032AA8647000AB4291 /* Assets.xcassets in Resources */ = {isa = PBXBuildFile; fileRef = BE97AE022AA8647000AB4291 /* Assets.xcassets */; };
		BE97AE062AA8647000AB4291 /* Preview Assets.xcassets in Resources */ = {isa = PBXBuildFile; fileRef = BE97AE052AA8647000AB4291 /* Preview Assets.xcassets */; };
		BE97AE0E2AA8649100AB4291 /* RollTheDice.xcdatamodeld in Sources */ = {isa = PBXBuildFile; fileRef = BE97AE0C2AA8649100AB4291 /* RollTheDice.xcdatamodeld */; };
		BE97AE112AA8654600AB4291 /* DiceResult+CoreDataClass.swift in Sources */ = {isa = PBXBuildFile; fileRef = BE97AE0F2AA8654600AB4291 /* DiceResult+CoreDataClass.swift */; };
		BE97AE122AA8654600AB4291 /* DiceResult+CoreDataProperties.swift in Sources */ = {isa = PBXBuildFile; fileRef = BE97AE102AA8654600AB4291 /* DiceResult+CoreDataProperties.swift */; };
/* End PBXBuildFile section */

/* Begin PBXFileReference section */
		BE783BFC2AA86B9300647858 /* DiceRepository.swift */ = {isa = PBXFileReference; lastKnownFileType = sourcecode.swift; path = DiceRepository.swift; sourceTree = "<group>"; };
		BE97ADFB2AA8646F00AB4291 /* RollTheDice2.app */ = {isa = PBXFileReference; explicitFileType = wrapper.application; includeInIndex = 0; path = RollTheDice2.app; sourceTree = BUILT_PRODUCTS_DIR; };
		BE97ADFE2AA8646F00AB4291 /* RollTheDice2App.swift */ = {isa = PBXFileReference; lastKnownFileType = sourcecode.swift; path = RollTheDice2App.swift; sourceTree = "<group>"; };
		BE97AE002AA8646F00AB4291 /* ContentView.swift */ = {isa = PBXFileReference; lastKnownFileType = sourcecode.swift; path = ContentView.swift; sourceTree = "<group>"; };
		BE97AE022AA8647000AB4291 /* Assets.xcassets */ = {isa = PBXFileReference; lastKnownFileType = folder.assetcatalog; path = Assets.xcassets; sourceTree = "<group>"; };
		BE97AE052AA8647000AB4291 /* Preview Assets.xcassets */ = {isa = PBXFileReference; lastKnownFileType = folder.assetcatalog; path = "Preview Assets.xcassets"; sourceTree = "<group>"; };
		BE97AE0D2AA8649100AB4291 /* RollTheDice.xcdatamodel */ = {isa = PBXFileReference; lastKnownFileType = wrapper.xcdatamodel; path = RollTheDice.xcdatamodel; sourceTree = "<group>"; };
		BE97AE0F2AA8654600AB4291 /* DiceResult+CoreDataClass.swift */ = {isa = PBXFileReference; lastKnownFileType = sourcecode.swift; path = "DiceResult+CoreDataClass.swift"; sourceTree = "<group>"; };
		BE97AE102AA8654600AB4291 /* DiceResult+CoreDataProperties.swift */ = {isa = PBXFileReference; lastKnownFileType = sourcecode.swift; path = "DiceResult+CoreDataProperties.swift"; sourceTree = "<group>"; };
/* End PBXFileReference section */

/* Begin PBXFrameworksBuildPhase section */
		BE97ADF82AA8646F00AB4291 /* Frameworks */ = {
			isa = PBXFrameworksBuildPhase;
			buildActionMask = 2147483647;
			files = (
			);
			runOnlyForDeploymentPostprocessing = 0;
		};
/* End PBXFrameworksBuildPhase section */

/* Begin PBXGroup section */
		BE97ADF22AA8646F00AB4291 = {
			isa = PBXGroup;
			children = (
				BE97AE0F2AA8654600AB4291 /* DiceResult+CoreDataClass.swift */,
				BE97AE102AA8654600AB4291 /* DiceResult+CoreDataProperties.swift */,
				BE97AE0C2AA8649100AB4291 /* RollTheDice.xcdatamodeld */,
				BE97ADFD2AA8646F00AB4291 /* RollTheDice2 */,
				BE97ADFC2AA8646F00AB4291 /* Products */,
			);
			sourceTree = "<group>";
		};
		BE97ADFC2AA8646F00AB4291 /* Products */ = {
			isa = PBXGroup;
			children = (
				BE97ADFB2AA8646F00AB4291 /* RollTheDice2.app */,
			);
			name = Products;
			sourceTree = "<group>";
		};
		BE97ADFD2AA8646F00AB4291 /* RollTheDice2 */ = {
			isa = PBXGroup;
			children = (
				BE97ADFE2AA8646F00AB4291 /* RollTheDice2App.swift */,
				BE97AE002AA8646F00AB4291 /* ContentView.swift */,
				BE783BFC2AA86B9300647858 /* DiceRepository.swift */,
				BE97AE022AA8647000AB4291 /* Assets.xcassets */,
				BE97AE042AA8647000AB4291 /* Preview Content */,
			);
			path = RollTheDice2;
			sourceTree = "<group>";
		};
		BE97AE042AA8647000AB4291 /* Preview Content */ = {
			isa = PBXGroup;
			children = (
				BE97AE052AA8647000AB4291 /* Preview Assets.xcassets */,
			);
			path = "Preview Content";
			sourceTree = "<group>";
		};
/* End PBXGroup section */

/* Begin PBXNativeTarget section */
		BE97ADFA2AA8646F00AB4291 /* RollTheDice2 */ = {
			isa = PBXNativeTarget;
			buildConfigurationList = BE97AE092AA8647000AB4291 /* Build configuration list for PBXNativeTarget "RollTheDice2" */;
			buildPhases = (
				BE97ADF72AA8646F00AB4291 /* Sources */,
				BE97ADF82AA8646F00AB4291 /* Frameworks */,
				BE97ADF92AA8646F00AB4291 /* Resources */,
			);
			buildRules = (
			);
			dependencies = (
			);
			name = RollTheDice2;
			productName = RollTheDice2;
			productReference = BE97ADFB2AA8646F00AB4291 /* RollTheDice2.app */;
			productType = "com.apple.product-type.application";
		};
/* End PBXNativeTarget section */

/* Begin PBXProject section */
		BE97ADF32AA8646F00AB4291 /* Project object */ = {
			isa = PBXProject;
			attributes = {
				BuildIndependentTargetsInParallel = 1;
				LastSwiftUpdateCheck = 1430;
				LastUpgradeCheck = 1430;
				TargetAttributes = {
					BE97ADFA2AA8646F00AB4291 = {
						CreatedOnToolsVersion = 14.3.1;
					};
				};
			};
			buildConfigurationList = BE97ADF62AA8646F00AB4291 /* Build configuration list for PBXProject "RollTheDice2" */;
			compatibilityVersion = "Xcode 14.0";
			developmentRegion = en;
			hasScannedForEncodings = 0;
			knownRegions = (
				en,
				Base,
			);
			mainGroup = BE97ADF22AA8646F00AB4291;
			productRefGroup = BE97ADFC2AA8646F00AB4291 /* Products */;
			projectDirPath = "";
			projectRoot = "";
			targets = (
				BE97ADFA2AA8646F00AB4291 /* RollTheDice2 */,
			);
		};
/* End PBXProject section */

/* Begin PBXResourcesBuildPhase section */
		BE97ADF92AA8646F00AB4291 /* Resources */ = {
			isa = PBXResourcesBuildPhase;
			buildActionMask = 2147483647;
			files = (
				BE97AE062AA8647000AB4291 /* Preview Assets.xcassets in Resources */,
				BE97AE032AA8647000AB4291 /* Assets.xcassets in Resources */,
			);
			runOnlyForDeploymentPostprocessing = 0;
		};
/* End PBXResourcesBuildPhase section */

/* Begin PBXSourcesBuildPhase section */
		BE97ADF72AA8646F00AB4291 /* Sources */ = {
			isa = PBXSourcesBuildPhase;
			buildActionMask = 2147483647;
			files = (
				BE97AE012AA8646F00AB4291 /* ContentView.swift in Sources */,
				BE97AE122AA8654600AB4291 /* DiceResult+CoreDataProperties.swift in Sources */,
				BE97AE112AA8654600AB4291 /* DiceResult+CoreDataClass.swift in Sources */,
				BE97ADFF2AA8646F00AB4291 /* RollTheDice2App.swift in Sources */,
				BE783BFD2AA86B9300647858 /* DiceRepository.swift in Sources */,
				BE97AE0E2AA8649100AB4291 /* RollTheDice.xcdatamodeld in Sources */,
			);
			runOnlyForDeploymentPostprocessing = 0;
		};
/* End PBXSourcesBuildPhase section */

/* Begin XCBuildConfiguration section */
		BE97AE072AA8647000AB4291 /* Debug */ = {
			isa = XCBuildConfiguration;
			buildSettings = {
				ALWAYS_SEARCH_USER_PATHS = NO;
				CLANG_ANALYZER_NONNULL = YES;
				CLANG_ANALYZER_NUMBER_OBJECT_CONVERSION = YES_AGGRESSIVE;
				CLANG_CXX_LANGUAGE_STANDARD = "gnu++20";
				CLANG_ENABLE_MODULES = YES;
				CLANG_ENABLE_OBJC_ARC = YES;
				CLANG_ENABLE_OBJC_WEAK = YES;
				CLANG_WARN_BLOCK_CAPTURE_AUTORELEASING = YES;
				CLANG_WARN_BOOL_CONVERSION = YES;
				CLANG_WARN_COMMA = YES;
				CLANG_WARN_CONSTANT_CONVERSION = YES;
				CLANG_WARN_DEPRECATED_OBJC_IMPLEMENTATIONS = YES;
				CLANG_WARN_DIRECT_OBJC_ISA_USAGE = YES_ERROR;
				CLANG_WARN_DOCUMENTATION_COMMENTS = YES;
				CLANG_WARN_EMPTY_BODY = YES;
				CLANG_WARN_ENUM_CONVERSION = YES;
				CLANG_WARN_INFINITE_RECURSION = YES;
				CLANG_WARN_INT_CONVERSION = YES;
				CLANG_WARN_NON_LITERAL_NULL_CONVERSION = YES;
				CLANG_WARN_OBJC_IMPLICIT_RETAIN_SELF = YES;
				CLANG_WARN_OBJC_LITERAL_CONVERSION = YES;
				CLANG_WARN_OBJC_ROOT_CLASS = YES_ERROR;
				CLANG_WARN_QUOTED_INCLUDE_IN_FRAMEWORK_HEADER = YES;
				CLANG_WARN_RANGE_LOOP_ANALYSIS = YES;
				CLANG_WARN_STRICT_PROTOTYPES = YES;
				CLANG_WARN_SUSPICIOUS_MOVE = YES;
				CLANG_WARN_UNGUARDED_AVAILABILITY = YES_AGGRESSIVE;
				CLANG_WARN_UNREACHABLE_CODE = YES;
				CLANG_WARN__DUPLICATE_METHOD_MATCH = YES;
				COPY_PHASE_STRIP = NO;
				DEBUG_INFORMATION_FORMAT = dwarf;
				ENABLE_STRICT_OBJC_MSGSEND = YES;
				ENABLE_TESTABILITY = YES;
				GCC_C_LANGUAGE_STANDARD = gnu11;
				GCC_DYNAMIC_NO_PIC = NO;
				GCC_NO_COMMON_BLOCKS = YES;
				GCC_OPTIMIZATION_LEVEL = 0;
				GCC_PREPROCESSOR_DEFINITIONS = (
					"DEBUG=1",
					"$(inherited)",
				);
				GCC_WARN_64_TO_32_BIT_CONVERSION = YES;
				GCC_WARN_ABOUT_RETURN_TYPE = YES_ERROR;
				GCC_WARN_UNDECLARED_SELECTOR = YES;
				GCC_WARN_UNINITIALIZED_AUTOS = YES_AGGRESSIVE;
				GCC_WARN_UNUSED_FUNCTION = YES;
				GCC_WARN_UNUSED_VARIABLE = YES;
				IPHONEOS_DEPLOYMENT_TARGET = 16.4;
				MTL_ENABLE_DEBUG_INFO = INCLUDE_SOURCE;
				MTL_FAST_MATH = YES;
				ONLY_ACTIVE_ARCH = YES;
				SDKROOT = iphoneos;
				SWIFT_ACTIVE_COMPILATION_CONDITIONS = DEBUG;
				SWIFT_OPTIMIZATION_LEVEL = "-Onone";
			};
			name = Debug;
		};
		BE97AE082AA8647000AB4291 /* Release */ = {
			isa = XCBuildConfiguration;
			buildSettings = {
				ALWAYS_SEARCH_USER_PATHS = NO;
				CLANG_ANALYZER_NONNULL = YES;
				CLANG_ANALYZER_NUMBER_OBJECT_CONVERSION = YES_AGGRESSIVE;
				CLANG_CXX_LANGUAGE_STANDARD = "gnu++20";
				CLANG_ENABLE_MODULES = YES;
				CLANG_ENABLE_OBJC_ARC = YES;
				CLANG_ENABLE_OBJC_WEAK = YES;
				CLANG_WARN_BLOCK_CAPTURE_AUTORELEASING = YES;
				CLANG_WARN_BOOL_CONVERSION = YES;
				CLANG_WARN_COMMA = YES;
				CLANG_WARN_CONSTANT_CONVERSION = YES;
				CLANG_WARN_DEPRECATED_OBJC_IMPLEMENTATIONS = YES;
				CLANG_WARN_DIRECT_OBJC_ISA_USAGE = YES_ERROR;
				CLANG_WARN_DOCUMENTATION_COMMENTS = YES;
				CLANG_WARN_EMPTY_BODY = YES;
				CLANG_WARN_ENUM_CONVERSION = YES;
				CLANG_WARN_INFINITE_RECURSION = YES;
				CLANG_WARN_INT_CONVERSION = YES;
				CLANG_WARN_NON_LITERAL_NULL_CONVERSION = YES;
				CLANG_WARN_OBJC_IMPLICIT_RETAIN_SELF = YES;
				CLANG_WARN_OBJC_LITERAL_CONVERSION = YES;
				CLANG_WARN_OBJC_ROOT_CLASS = YES_ERROR;
				CLANG_WARN_QUOTED_INCLUDE_IN_FRAMEWORK_HEADER = YES;
				CLANG_WARN_RANGE_LOOP_ANALYSIS = YES;
				CLANG_WARN_STRICT_PROTOTYPES = YES;
				CLANG_WARN_SUSPICIOUS_MOVE = YES;
				CLANG_WARN_UNGUARDED_AVAILABILITY = YES_AGGRESSIVE;
				CLANG_WARN_UNREACHABLE_CODE = YES;
				CLANG_WARN__DUPLICATE_METHOD_MATCH = YES;
				COPY_PHASE_STRIP = NO;
				DEBUG_INFORMATION_FORMAT = "dwarf-with-dsym";
				ENABLE_NS_ASSERTIONS = NO;
				ENABLE_STRICT_OBJC_MSGSEND = YES;
				GCC_C_LANGUAGE_STANDARD = gnu11;
				GCC_NO_COMMON_BLOCKS = YES;
				GCC_WARN_64_TO_32_BIT_CONVERSION = YES;
				GCC_WARN_ABOUT_RETURN_TYPE = YES_ERROR;
				GCC_WARN_UNDECLARED_SELECTOR = YES;
				GCC_WARN_UNINITIALIZED_AUTOS = YES_AGGRESSIVE;
				GCC_WARN_UNUSED_FUNCTION = YES;
				GCC_WARN_UNUSED_VARIABLE = YES;
				IPHONEOS_DEPLOYMENT_TARGET = 16.4;
				MTL_ENABLE_DEBUG_INFO = NO;
				MTL_FAST_MATH = YES;
				SDKROOT = iphoneos;
				SWIFT_COMPILATION_MODE = wholemodule;
				SWIFT_OPTIMIZATION_LEVEL = "-O";
				VALIDATE_PRODUCT = YES;
			};
			name = Release;
		};
		BE97AE0A2AA8647000AB4291 /* Debug */ = {
			isa = XCBuildConfiguration;
			buildSettings = {
				ASSETCATALOG_COMPILER_APPICON_NAME = AppIcon;
				ASSETCATALOG_COMPILER_GLOBAL_ACCENT_COLOR_NAME = AccentColor;
				CODE_SIGN_STYLE = Automatic;
				CURRENT_PROJECT_VERSION = 1;
				DEVELOPMENT_ASSET_PATHS = "\"RollTheDice2/Preview Content\"";
				DEVELOPMENT_TEAM = D7F6ZDDCV9;
				ENABLE_PREVIEWS = YES;
				GENERATE_INFOPLIST_FILE = YES;
				INFOPLIST_KEY_UIApplicationSceneManifest_Generation = YES;
				INFOPLIST_KEY_UIApplicationSupportsIndirectInputEvents = YES;
				INFOPLIST_KEY_UILaunchScreen_Generation = YES;
				INFOPLIST_KEY_UISupportedInterfaceOrientations_iPad = "UIInterfaceOrientationPortrait UIInterfaceOrientationPortraitUpsideDown UIInterfaceOrientationLandscapeLeft UIInterfaceOrientationLandscapeRight";
				INFOPLIST_KEY_UISupportedInterfaceOrientations_iPhone = "UIInterfaceOrientationPortrait UIInterfaceOrientationLandscapeLeft UIInterfaceOrientationLandscapeRight";
				LD_RUNPATH_SEARCH_PATHS = (
					"$(inherited)",
					"@executable_path/Frameworks",
				);
				MARKETING_VERSION = 1.0;
				PRODUCT_BUNDLE_IDENTIFIER = gucci.RollTheDice2;
				PRODUCT_NAME = "$(TARGET_NAME)";
				SWIFT_EMIT_LOC_STRINGS = YES;
				SWIFT_VERSION = 5.0;
				TARGETED_DEVICE_FAMILY = "1,2";
			};
			name = Debug;
		};
		BE97AE0B2AA8647000AB4291 /* Release */ = {
			isa = XCBuildConfiguration;
			buildSettings = {
				ASSETCATALOG_COMPILER_APPICON_NAME = AppIcon;
				ASSETCATALOG_COMPILER_GLOBAL_ACCENT_COLOR_NAME = AccentColor;
				CODE_SIGN_STYLE = Automatic;
				CURRENT_PROJECT_VERSION = 1;
				DEVELOPMENT_ASSET_PATHS = "\"RollTheDice2/Preview Content\"";
				DEVELOPMENT_TEAM = D7F6ZDDCV9;
				ENABLE_PREVIEWS = YES;
				GENERATE_INFOPLIST_FILE = YES;
				INFOPLIST_KEY_UIApplicationSceneManifest_Generation = YES;
				INFOPLIST_KEY_UIApplicationSupportsIndirectInputEvents = YES;
				INFOPLIST_KEY_UILaunchScreen_Generation = YES;
				INFOPLIST_KEY_UISupportedInterfaceOrientations_iPad = "UIInterfaceOrientationPortrait UIInterfaceOrientationPortraitUpsideDown UIInterfaceOrientationLandscapeLeft UIInterfaceOrientationLandscapeRight";
				INFOPLIST_KEY_UISupportedInterfaceOrientations_iPhone = "UIInterfaceOrientationPortrait UIInterfaceOrientationLandscapeLeft UIInterfaceOrientationLandscapeRight";
				LD_RUNPATH_SEARCH_PATHS = (
					"$(inherited)",
					"@executable_path/Frameworks",
				);
				MARKETING_VERSION = 1.0;
				PRODUCT_BUNDLE_IDENTIFIER = gucci.RollTheDice2;
				PRODUCT_NAME = "$(TARGET_NAME)";
				SWIFT_EMIT_LOC_STRINGS = YES;
				SWIFT_VERSION = 5.0;
				TARGETED_DEVICE_FAMILY = "1,2";
			};
			name = Release;
		};
/* End XCBuildConfiguration section */

/* Begin XCConfigurationList section */
		BE97ADF62AA8646F00AB4291 /* Build configuration list for PBXProject "RollTheDice2" */ = {
			isa = XCConfigurationList;
			buildConfigurations = (
				BE97AE072AA8647000AB4291 /* Debug */,
				BE97AE082AA8647000AB4291 /* Release */,
			);
			defaultConfigurationIsVisible = 0;
			defaultConfigurationName = Release;
		};
		BE97AE092AA8647000AB4291 /* Build configuration list for PBXNativeTarget "RollTheDice2" */ = {
			isa = XCConfigurationList;
			buildConfigurations = (
				BE97AE0A2AA8647000AB4291 /* Debug */,
				BE97AE0B2AA8647000AB4291 /* Release */,
			);
			defaultConfigurationIsVisible = 0;
			defaultConfigurationName = Release;
		};
/* End XCConfigurationList section */

/* Begin XCVersionGroup section */
		BE97AE0C2AA8649100AB4291 /* RollTheDice.xcdatamodeld */ = {
			isa = XCVersionGroup;
			children = (
				BE97AE0D2AA8649100AB4291 /* RollTheDice.xcdatamodel */,
			);
			currentVersion = BE97AE0D2AA8649100AB4291 /* RollTheDice.xcdatamodel */;
			path = RollTheDice.xcdatamodeld;
			sourceTree = "<group>";
			versionGroupType = wrapper.xcdatamodel;
		};
/* End XCVersionGroup section */
	};
	rootObject = BE97ADF32AA8646F00AB4291 /* Project object */;
}
